
Microsoft Visual Studio Solution File, Format Version 12.00
# Visual Studio Version 17
VisualStudioVersion = 17.4.33110.190
MinimumVisualStudioVersion = 10.0.40219.1
Project("{FAE04EC0-301F-11D3-BF4B-00C04F79EFBC}") = "StompingRhino", "StompingRhino.csproj", "{EE0C848D-DF51-48C1-AD7D-0DD5E1B2BFE0}"
EndProject
Global
	GlobalSection(SolutionConfigurationPlatforms) = preSolution
		Debug|Any CPU = Debug|Any CPU
		Release|Any CPU = Release|Any CPU
	EndGlobalSection
	GlobalSection(ProjectConfigurationPlatforms) = postSolution
		{EE0C848D-DF51-48C1-AD7D-0DD5E1B2BFE0}.Debug|Any CPU.ActiveCfg = Debug|Any CPU
		{EE0C848D-DF51-48C1-AD7D-0DD5E1B2BFE0}.Debug|Any CPU.Build.0 = Debug|Any CPU
		{EE0C848D-DF51-48C1-AD7D-0DD5E1B2BFE0}.Release|Any CPU.ActiveCfg = Release|Any CPU
		{EE0C848D-DF51-48C1-AD7D-0DD5E1B2BFE0}.Release|Any CPU.Build.0 = Release|Any CPU
	EndGlobalSection
	GlobalSection(SolutionProperties) = preSolution
		HideSolutionNode = FALSE
	EndGlobalSection
	GlobalSection(ExtensibilityGlobals) = postSolution
		SolutionGuid = {E6D813EF-A0A2-48BD-91B7-17954DFB6151}
	EndGlobalSection
EndGlobal
